
Microsoft Visual Studio Solution File, Format Version 12.00
# Visual Studio Version 16
VisualStudioVersion = 16.0.30128.74
MinimumVisualStudioVersion = 10.0.40219.1
Project("{FAE04EC0-301F-11D3-BF4B-00C04F79EFBC}") = "webPrueba", "webPrueba\webPrueba.csproj", "{FF7A2828-2448-4953-8AE8-665076C59FE4}"
EndProject
Global
	GlobalSection(SolutionConfigurationPlatforms) = preSolution
		Debug|Any CPU = Debug|Any CPU
		Release|Any CPU = Release|Any CPU
	EndGlobalSection
	GlobalSection(ProjectConfigurationPlatforms) = postSolution
		{FF7A2828-2448-4953-8AE8-665076C59FE4}.Debug|Any CPU.ActiveCfg = Debug|Any CPU
		{FF7A2828-2448-4953-8AE8-665076C59FE4}.Debug|Any CPU.Build.0 = Debug|Any CPU
		{FF7A2828-2448-4953-8AE8-665076C59FE4}.Release|Any CPU.ActiveCfg = Release|Any CPU
		{FF7A2828-2448-4953-8AE8-665076C59FE4}.Release|Any CPU.Build.0 = Release|Any CPU
	EndGlobalSection
	GlobalSection(SolutionProperties) = preSolution
		HideSolutionNode = FALSE
	EndGlobalSection
	GlobalSection(ExtensibilityGlobals) = postSolution
		SolutionGuid = {B821E103-F65F-4429-B771-52C0EBBB5E2F}
	EndGlobalSection
EndGlobal
